{
  "name": "periodic_table",
  "lockfileVersion": 3,
  "requires": true,
  "packages": {
    "": {
      "dependencies": {
        "@anywidget/react": "^0.0.7",
        "react": "^18.3.1",
        "react-dom": "^18.3.1"
      }
    },
    "node_modules/@anywidget/react": {
      "version": "0.0.7",
      "resolved": "https://registry.npmjs.org/@anywidget/react/-/react-0.0.7.tgz",
      "integrity": "sha512-wCHzRqL1G/FJy813xOhgIZ+r1UqzEFVUSQID+6X+8voigUHlD4VtnThw9v9pOAs0qXyFATvrMtG+igOTjqUNpg==",
      "dependencies": {
        "@anywidget/types": "^0.1.9"
      },
      "peerDependencies": {
        "@types/react": "^18.0.0",
        "@types/react-dom": "^18.0.0",
        "react": "^18.0.0",
        "react-dom": "^18.0.0"
      }
    },
    "node_modules/@anywidget/types": {
      "version": "0.1.9",
      "resolved": "https://registry.npmjs.org/@anywidget/types/-/types-0.1.9.tgz",
      "integrity": "sha512-RvPp2qEDJGdNBpA6KGEEorLBmX7HkVUR+UTWFsc8fUkhsTVEoicDPTxYdLEdt9Wt0XUvLh0QhVOheICDJpyUnA==",
      "dependencies": {
        "@jupyter-widgets/base": "^6.0.7"
      }
    },
    "node_modules/@jupyter-widgets/base": {
      "version": "6.0.8",
      "resolved": "https://registry.npmjs.org/@jupyter-widgets/base/-/base-6.0.8.tgz",
      "integrity": "sha512-2Y0gl6BXdlxU9DR4YBWXd3dv9m6kSd2T31W81XGLR5/MGH4SSZ2LuiC0TsuMRFL+b6dk4+X73tRaekRxo5iMKA==",
      "dependencies": {
        "@jupyterlab/services": "^6.0.0 || ^7.0.0",
        "@lumino/coreutils": "^1.11.1 || ^2.1",
        "@lumino/messaging": "^1.10.1 || ^2.1",
        "@lumino/widgets": "^1.30.0 || ^2.1",
        "@types/backbone": "1.4.14",
        "@types/lodash": "^4.14.134",
        "backbone": "1.4.0",
        "jquery": "^3.1.1",
        "lodash": "^4.17.4"
      }
    },
    "node_modules/@jupyter/ydoc": {
      "version": "2.0.1",
      "resolved": "https://registry.npmjs.org/@jupyter/ydoc/-/ydoc-2.0.1.tgz",
      "integrity": "sha512-HyJPi7dHEWqxBqfjU+QqY/ks5RpDPYFl8QtbBYQ56WRN6nOvI/QOnDUCTTRU9p+X38IDqM+Rym+SLVn0qLppzg==",
      "dependencies": {
        "@jupyterlab/nbformat": "^3.0.0 || ^4.0.0-alpha.21 || ^4.0.0",
        "@lumino/coreutils": "^1.11.0 || ^2.0.0",
        "@lumino/disposable": "^1.10.0 || ^2.0.0",
        "@lumino/signaling": "^1.10.0 || ^2.0.0",
        "y-protocols": "^1.0.5",
        "yjs": "^13.5.40"
      }
    },
    "node_modules/@jupyterlab/coreutils": {
      "version": "6.2.3",
      "resolved": "https://registry.npmjs.org/@jupyterlab/coreutils/-/coreutils-6.2.3.tgz",
      "integrity": "sha512-tGABmtHpBxgRPBg66SbuN54aVmgYYmfFqUoTURBbhu8ifbzX4FXhzzq23At36+jspQam/9U/cFnqBNBh8d40pQ==",
      "dependencies": {
        "@lumino/coreutils": "^2.1.2",
        "@lumino/disposable": "^2.1.2",
        "@lumino/signaling": "^2.1.2",
        "minimist": "~1.2.0",
        "path-browserify": "^1.0.0",
        "url-parse": "~1.5.4"
      }
    },
    "node_modules/@jupyterlab/nbformat": {
      "version": "4.2.3",
      "resolved": "https://registry.npmjs.org/@jupyterlab/nbformat/-/nbformat-4.2.3.tgz",
      "integrity": "sha512-eNn5F4JGw6Gq8xB1AaJ29hKQFgDvcjv9KZQeSp9joCYvedmc0LHivELCO+GticUjN5Y0+qgS4ZvnOARAqcIyvQ==",
      "dependencies": {
        "@lumino/coreutils": "^2.1.2"
      }
    },
    "node_modules/@jupyterlab/services": {
      "version": "7.2.3",
      "resolved": "https://registry.npmjs.org/@jupyterlab/services/-/services-7.2.3.tgz",
      "integrity": "sha512-Szx0FQ9Lehf/yrMOqVL1E5ZXDL8T97VgQqjfDkZx9xrA0SR7Ib7dMb3/8JF+IzV7eX5ycxT8U+LvPTGj0MOE2w==",
      "dependencies": {
        "@jupyter/ydoc": "^2.0.1",
        "@jupyterlab/coreutils": "^6.2.3",
        "@jupyterlab/nbformat": "^4.2.3",
        "@jupyterlab/settingregistry": "^4.2.3",
        "@jupyterlab/statedb": "^4.2.3",
        "@lumino/coreutils": "^2.1.2",
        "@lumino/disposable": "^2.1.2",
        "@lumino/polling": "^2.1.2",
        "@lumino/properties": "^2.0.1",
        "@lumino/signaling": "^2.1.2",
        "ws": "^8.11.0"
      }
    },
    "node_modules/@jupyterlab/settingregistry": {
      "version": "4.2.3",
      "resolved": "https://registry.npmjs.org/@jupyterlab/settingregistry/-/settingregistry-4.2.3.tgz",
      "integrity": "sha512-f5rNTd7wk/fn1C0ylD0/jDmMVvxgYYqOfPktaOAeWckS4iQ44XcrqfPUWs8sg66JYBHBFXBD9OkUKiMteQZDZg==",
      "dependencies": {
        "@jupyterlab/nbformat": "^4.2.3",
        "@jupyterlab/statedb": "^4.2.3",
        "@lumino/commands": "^2.3.0",
        "@lumino/coreutils": "^2.1.2",
        "@lumino/disposable": "^2.1.2",
        "@lumino/signaling": "^2.1.2",
        "@rjsf/utils": "^5.13.4",
        "ajv": "^8.12.0",
        "json5": "^2.2.3"
      },
      "peerDependencies": {
        "react": ">=16"
      }
    },
    "node_modules/@jupyterlab/statedb": {
      "version": "4.2.3",
      "resolved": "https://registry.npmjs.org/@jupyterlab/statedb/-/statedb-4.2.3.tgz",
      "integrity": "sha512-fHWkhMdz3U5ZCJmxsze39UyJnVaMnbRrHIhKh5nvwAQdg2h4KCP1Yg/EKKbsfmKYMgwE8YA5tCU7OmBuiyzKyg==",
      "dependencies": {
        "@lumino/commands": "^2.3.0",
        "@lumino/coreutils": "^2.1.2",
        "@lumino/disposable": "^2.1.2",
        "@lumino/properties": "^2.0.1",
        "@lumino/signaling": "^2.1.2"
      }
    },
    "node_modules/@lumino/algorithm": {
      "version": "2.0.2",
      "resolved": "https://registry.npmjs.org/@lumino/algorithm/-/algorithm-2.0.2.tgz",
      "integrity": "sha512-cI8yJ2+QK1yM5ZRU3Kuaw9fJ/64JEDZEwWWp7+U0cd/mvcZ44BGdJJ29w+tIet1QXxPAvnsUleWyQ5qm4qUouA=="
    },
    "node_modules/@lumino/collections": {
      "version": "1.9.3",
      "resolved": "https://registry.npmjs.org/@lumino/collections/-/collections-1.9.3.tgz",
      "integrity": "sha512-2i2Wf1xnfTgEgdyKEpqM16bcYRIhUOGCDzaVCEZACVG9R1CgYwOe3zfn71slBQOVSjjRgwYrgLXu4MBpt6YK+g==",
      "dependencies": {
        "@lumino/algorithm": "^1.9.2"
      }
    },
    "node_modules/@lumino/collections/node_modules/@lumino/algorithm": {
      "version": "1.9.2",
      "resolved": "https://registry.npmjs.org/@lumino/algorithm/-/algorithm-1.9.2.tgz",
      "integrity": "sha512-Z06lp/yuhz8CtIir3PNTGnuk7909eXt4ukJsCzChsGuot2l5Fbs96RJ/FOHgwCedaX74CtxPjXHXoszFbUA+4A=="
    },
    "node_modules/@lumino/commands": {
      "version": "2.3.1",
      "resolved": "https://registry.npmjs.org/@lumino/commands/-/commands-2.3.1.tgz",
      "integrity": "sha512-DpX1kkE4PhILpvK1T4ZnaFb6UP4+YTkdZifvN3nbiomD64O2CTd+wcWIBpZMgy6MMgbVgrE8dzHxHk1EsKxNxw==",
      "dependencies": {
        "@lumino/algorithm": "^2.0.2",
        "@lumino/coreutils": "^2.2.0",
        "@lumino/disposable": "^2.1.3",
        "@lumino/domutils": "^2.0.2",
        "@lumino/keyboard": "^2.0.2",
        "@lumino/signaling": "^2.1.3",
        "@lumino/virtualdom": "^2.0.2"
      }
    },
    "node_modules/@lumino/coreutils": {
      "version": "2.2.0",
      "resolved": "https://registry.npmjs.org/@lumino/coreutils/-/coreutils-2.2.0.tgz",
      "integrity": "sha512-x5wnQ/GjWBayJ6vXVaUi6+Q6ETDdcUiH9eSfpRZFbgMQyyM6pi6baKqJBK2CHkCc/YbAEl6ipApTgm3KOJ/I3g==",
      "dependencies": {
        "@lumino/algorithm": "^2.0.2"
      }
    },
    "node_modules/@lumino/disposable": {
      "version": "2.1.3",
      "resolved": "https://registry.npmjs.org/@lumino/disposable/-/disposable-2.1.3.tgz",
      "integrity": "sha512-k5KXy/+T3UItiWHY4WwQawnsJnGo3aNtP5CTRKqo4+tbTNuhc3rTSvygJlNKIbEfIZXW2EWYnwfFDozkYx95eA==",
      "dependencies": {
        "@lumino/signaling": "^2.1.3"
      }
    },
    "node_modules/@lumino/domutils": {
      "version": "2.0.2",
      "resolved": "https://registry.npmjs.org/@lumino/domutils/-/domutils-2.0.2.tgz",
      "integrity": "sha512-2Kp6YHaMNI1rKB0PrALvOsZBHPy2EvVVAvJLWjlCm8MpWOVETjFp0MA9QpMubT9I76aKbaI5s1o1NJyZ8Y99pQ=="
    },
    "node_modules/@lumino/dragdrop": {
      "version": "2.1.5",
      "resolved": "https://registry.npmjs.org/@lumino/dragdrop/-/dragdrop-2.1.5.tgz",
      "integrity": "sha512-zqwR4GakrQBKZOW6S5pj2nfrQDurOErAoe9x3HS3BKLa1AzWA+t9PD5NESOKd81NqXFHjiMirSyFkTUs6pw+uA==",
      "dependencies": {
        "@lumino/coreutils": "^2.2.0",
        "@lumino/disposable": "^2.1.3"
      }
    },
    "node_modules/@lumino/keyboard": {
      "version": "2.0.2",
      "resolved": "https://registry.npmjs.org/@lumino/keyboard/-/keyboard-2.0.2.tgz",
      "integrity": "sha512-icRUpvswDaFjqmAJNbQRb/aTu6Iugo6Y2oC08TiIwhQtLS9W+Ee9VofdqvbPSvCm6DkyP+DCWMuA3KXZ4V4g4g=="
    },
    "node_modules/@lumino/messaging": {
      "version": "1.10.3",
      "resolved": "https://registry.npmjs.org/@lumino/messaging/-/messaging-1.10.3.tgz",
      "integrity": "sha512-F/KOwMCdqvdEG8CYAJcBSadzp6aI7a47Fr60zAKGqZATSRRRV41q53iXU7HjFPqQqQIvdn9Z7J32rBEAyQAzww==",
      "dependencies": {
        "@lumino/algorithm": "^1.9.2",
        "@lumino/collections": "^1.9.3"
      }
    },
    "node_modules/@lumino/messaging/node_modules/@lumino/algorithm": {
      "version": "1.9.2",
      "resolved": "https://registry.npmjs.org/@lumino/algorithm/-/algorithm-1.9.2.tgz",
      "integrity": "sha512-Z06lp/yuhz8CtIir3PNTGnuk7909eXt4ukJsCzChsGuot2l5Fbs96RJ/FOHgwCedaX74CtxPjXHXoszFbUA+4A=="
    },
    "node_modules/@lumino/polling": {
      "version": "2.1.3",
      "resolved": "https://registry.npmjs.org/@lumino/polling/-/polling-2.1.3.tgz",
      "integrity": "sha512-WEZk96ddK6eHEhdDkFUAAA40EOLit86QVbqQqnbPmhdGwFogek26Kq9b1U273LJeirv95zXCATOJAkjRyb7D+w==",
      "dependencies": {
        "@lumino/coreutils": "^2.2.0",
        "@lumino/disposable": "^2.1.3",
        "@lumino/signaling": "^2.1.3"
      }
    },
    "node_modules/@lumino/properties": {
      "version": "2.0.2",
      "resolved": "https://registry.npmjs.org/@lumino/properties/-/properties-2.0.2.tgz",
      "integrity": "sha512-b312oA3Bh97WFK8efXejYmC3DVJmvzJk72LQB7H3fXhfqS5jUWvL7MSnNmgcQvGzl9fIhDWDWjhtSTi0KGYYBg=="
    },
    "node_modules/@lumino/signaling": {
      "version": "2.1.3",
      "resolved": "https://registry.npmjs.org/@lumino/signaling/-/signaling-2.1.3.tgz",
      "integrity": "sha512-9Wd4iMk8F1i6pYjy65bqKuPlzQMicyL9xy1/ccS20kovPcfD074waneL/7BVe+3M8i+fGa3x2qjbWrBzOdTdNw==",
      "dependencies": {
        "@lumino/algorithm": "^2.0.2",
        "@lumino/coreutils": "^2.2.0"
      }
    },
    "node_modules/@lumino/virtualdom": {
      "version": "2.0.2",
      "resolved": "https://registry.npmjs.org/@lumino/virtualdom/-/virtualdom-2.0.2.tgz",
      "integrity": "sha512-HYZThOtZSoknjdXA102xpy5CiXtTFCVz45EXdWeYLx3NhuEwuAIX93QBBIhupalmtFlRg1yhdDNV40HxJ4kcXg==",
      "dependencies": {
        "@lumino/algorithm": "^2.0.2"
      }
    },
    "node_modules/@lumino/widgets": {
      "version": "2.4.0",
      "resolved": "https://registry.npmjs.org/@lumino/widgets/-/widgets-2.4.0.tgz",
      "integrity": "sha512-n7MqRKj+g/aRnI3dl4EJw/Bkt5/LSwGcn3sA9opn88CMZmAzjC33ac+q6zijovjCX8yDud7KKK8yPFTwOFaxhg==",
      "dependencies": {
        "@lumino/algorithm": "^2.0.2",
        "@lumino/commands": "^2.3.1",
        "@lumino/coreutils": "^2.2.0",
        "@lumino/disposable": "^2.1.3",
        "@lumino/domutils": "^2.0.2",
        "@lumino/dragdrop": "^2.1.5",
        "@lumino/keyboard": "^2.0.2",
        "@lumino/messaging": "^2.0.2",
        "@lumino/properties": "^2.0.2",
        "@lumino/signaling": "^2.1.3",
        "@lumino/virtualdom": "^2.0.2"
      }
    },
    "node_modules/@lumino/widgets/node_modules/@lumino/collections": {
      "version": "2.0.2",
      "resolved": "https://registry.npmjs.org/@lumino/collections/-/collections-2.0.2.tgz",
      "integrity": "sha512-o0QmfV1D3WhAeA8GI1/YmEPaK89JtHVa764rQ5T0LdbDEwUtUDbjavHs1E/+y66tNTXz9RUJ4D2rcSb9tysYsg==",
      "dependencies": {
        "@lumino/algorithm": "^2.0.2"
      }
    },
    "node_modules/@lumino/widgets/node_modules/@lumino/messaging": {
      "version": "2.0.2",
      "resolved": "https://registry.npmjs.org/@lumino/messaging/-/messaging-2.0.2.tgz",
      "integrity": "sha512-2sUF07cYA0f3mDil41Eh5sfBk0aGAH/mOh1I4+vyRUsKyBqp4WTUtpJFd8xVJGAntygxwnebIygkIaXXTIQvxA==",
      "dependencies": {
        "@lumino/algorithm": "^2.0.2",
        "@lumino/collections": "^2.0.2"
      }
    },
    "node_modules/@rjsf/utils": {
      "version": "5.19.1",
      "resolved": "https://registry.npmjs.org/@rjsf/utils/-/utils-5.19.1.tgz",
      "integrity": "sha512-vA4Rq6kiLbohxyB7AC6rcfnb1y/BvGGRNVFDA8S/E7a+OT52gEY+EA6iiYUHXPVMnFOdQtuN4QBilF575cc8vQ==",
      "dependencies": {
        "json-schema-merge-allof": "^0.8.1",
        "jsonpointer": "^5.0.1",
        "lodash": "^4.17.21",
        "lodash-es": "^4.17.21",
        "react-is": "^18.2.0"
      },
      "engines": {
        "node": ">=14"
      },
      "peerDependencies": {
        "react": "^16.14.0 || >=17"
      }
    },
    "node_modules/@types/backbone": {
      "version": "1.4.14",
      "resolved": "https://registry.npmjs.org/@types/backbone/-/backbone-1.4.14.tgz",
      "integrity": "sha512-85ldQ99fiYTJFBlZuAJRaCdvTZKZ2p1fSs3fVf+6Ub6k1X0g0hNJ0qJ/2FOByyyAQYLtbEz3shX5taKQfBKBDw==",
      "dependencies": {
        "@types/jquery": "*",
        "@types/underscore": "*"
      }
    },
    "node_modules/@types/jquery": {
      "version": "3.5.30",
      "resolved": "https://registry.npmjs.org/@types/jquery/-/jquery-3.5.30.tgz",
      "integrity": "sha512-nbWKkkyb919DOUxjmRVk8vwtDb0/k8FKncmUKFi+NY+QXqWltooxTrswvz4LspQwxvLdvzBN1TImr6cw3aQx2A==",
      "dependencies": {
        "@types/sizzle": "*"
      }
    },
    "node_modules/@types/lodash": {
      "version": "4.17.6",
      "resolved": "https://registry.npmjs.org/@types/lodash/-/lodash-4.17.6.tgz",
      "integrity": "sha512-OpXEVoCKSS3lQqjx9GGGOapBeuW5eUboYHRlHP9urXPX25IKZ6AnP5ZRxtVf63iieUbsHxLn8NQ5Nlftc6yzAA=="
    },
    "node_modules/@types/prop-types": {
      "version": "15.7.12",
      "resolved": "https://registry.npmjs.org/@types/prop-types/-/prop-types-15.7.12.tgz",
      "integrity": "sha512-5zvhXYtRNRluoE/jAp4GVsSduVUzNWKkOZrCDBWYtE7biZywwdC2AcEzg+cSMLFRfVgeAFqpfNabiPjxFddV1Q==",
      "peer": true
    },
    "node_modules/@types/react": {
      "version": "18.3.3",
      "resolved": "https://registry.npmjs.org/@types/react/-/react-18.3.3.tgz",
      "integrity": "sha512-hti/R0pS0q1/xx+TsI73XIqk26eBsISZ2R0wUijXIngRK9R/e7Xw/cXVxQK7R5JjW+SV4zGcn5hXjudkN/pLIw==",
      "peer": true,
      "dependencies": {
        "@types/prop-types": "*",
        "csstype": "^3.0.2"
      }
    },
    "node_modules/@types/react-dom": {
      "version": "18.3.0",
      "resolved": "https://registry.npmjs.org/@types/react-dom/-/react-dom-18.3.0.tgz",
      "integrity": "sha512-EhwApuTmMBmXuFOikhQLIBUn6uFg81SwLMOAUgodJF14SOBOCMdU04gDoYi0WOJJHD144TL32z4yDqCW3dnkQg==",
      "peer": true,
      "dependencies": {
        "@types/react": "*"
      }
    },
    "node_modules/@types/sizzle": {
      "version": "2.3.8",
      "resolved": "https://registry.npmjs.org/@types/sizzle/-/sizzle-2.3.8.tgz",
      "integrity": "sha512-0vWLNK2D5MT9dg0iOo8GlKguPAU02QjmZitPEsXRuJXU/OGIOt9vT9Fc26wtYuavLxtO45v9PGleoL9Z0k1LHg=="
    },
    "node_modules/@types/underscore": {
      "version": "1.11.15",
      "resolved": "https://registry.npmjs.org/@types/underscore/-/underscore-1.11.15.tgz",
      "integrity": "sha512-HP38xE+GuWGlbSRq9WrZkousaQ7dragtZCruBVMi0oX1migFZavZ3OROKHSkNp/9ouq82zrWtZpg18jFnVN96g=="
    },
    "node_modules/ajv": {
      "version": "8.16.0",
      "resolved": "https://registry.npmjs.org/ajv/-/ajv-8.16.0.tgz",
      "integrity": "sha512-F0twR8U1ZU67JIEtekUcLkXkoO5mMMmgGD8sK/xUFzJ805jxHQl92hImFAqqXMyMYjSPOyUPAwHYhB72g5sTXw==",
      "dependencies": {
        "fast-deep-equal": "^3.1.3",
        "json-schema-traverse": "^1.0.0",
        "require-from-string": "^2.0.2",
        "uri-js": "^4.4.1"
      },
      "funding": {
        "type": "github",
        "url": "https://github.com/sponsors/epoberezkin"
      }
    },
    "node_modules/backbone": {
      "version": "1.4.0",
      "resolved": "https://registry.npmjs.org/backbone/-/backbone-1.4.0.tgz",
      "integrity": "sha512-RLmDrRXkVdouTg38jcgHhyQ/2zjg7a8E6sz2zxfz21Hh17xDJYUHBZimVIt5fUyS8vbfpeSmTL3gUjTEvUV3qQ==",
      "dependencies": {
        "underscore": ">=1.8.3"
      }
    },
    "node_modules/compute-gcd": {
      "version": "1.2.1",
      "resolved": "https://registry.npmjs.org/compute-gcd/-/compute-gcd-1.2.1.tgz",
      "integrity": "sha512-TwMbxBNz0l71+8Sc4czv13h4kEqnchV9igQZBi6QUaz09dnz13juGnnaWWJTRsP3brxOoxeB4SA2WELLw1hCtg==",
      "dependencies": {
        "validate.io-array": "^1.0.3",
        "validate.io-function": "^1.0.2",
        "validate.io-integer-array": "^1.0.0"
      }
    },
    "node_modules/compute-lcm": {
      "version": "1.1.2",
      "resolved": "https://registry.npmjs.org/compute-lcm/-/compute-lcm-1.1.2.tgz",
      "integrity": "sha512-OFNPdQAXnQhDSKioX8/XYT6sdUlXwpeMjfd6ApxMJfyZ4GxmLR1xvMERctlYhlHwIiz6CSpBc2+qYKjHGZw4TQ==",
      "dependencies": {
        "compute-gcd": "^1.2.1",
        "validate.io-array": "^1.0.3",
        "validate.io-function": "^1.0.2",
        "validate.io-integer-array": "^1.0.0"
      }
    },
    "node_modules/csstype": {
      "version": "3.1.3",
      "resolved": "https://registry.npmjs.org/csstype/-/csstype-3.1.3.tgz",
      "integrity": "sha512-M1uQkMl8rQK/szD0LNhtqxIPLpimGm8sOBwU7lLnCpSbTyY3yeU1Vc7l4KT5zT4s/yOxHH5O7tIuuLOCnLADRw==",
      "peer": true
    },
    "node_modules/fast-deep-equal": {
      "version": "3.1.3",
      "resolved": "https://registry.npmjs.org/fast-deep-equal/-/fast-deep-equal-3.1.3.tgz",
      "integrity": "sha512-f3qQ9oQy9j2AhBe/H9VC91wLmKBCCU/gDOnKNAYG5hswO7BLKj09Hc5HYNz9cGI++xlpDCIgDaitVs03ATR84Q=="
    },
    "node_modules/isomorphic.js": {
      "version": "0.2.5",
      "resolved": "https://registry.npmjs.org/isomorphic.js/-/isomorphic.js-0.2.5.tgz",
      "integrity": "sha512-PIeMbHqMt4DnUP3MA/Flc0HElYjMXArsw1qwJZcm9sqR8mq3l8NYizFMty0pWwE/tzIGH3EKK5+jes5mAr85yw==",
      "funding": {
        "type": "GitHub Sponsors ❤",
        "url": "https://github.com/sponsors/dmonad"
      }
    },
    "node_modules/jquery": {
      "version": "3.7.1",
      "resolved": "https://registry.npmjs.org/jquery/-/jquery-3.7.1.tgz",
      "integrity": "sha512-m4avr8yL8kmFN8psrbFFFmB/If14iN5o9nw/NgnnM+kybDJpRsAynV2BsfpTYrTRysYUdADVD7CkUUizgkpLfg=="
    },
    "node_modules/js-tokens": {
      "version": "4.0.0",
      "resolved": "https://registry.npmjs.org/js-tokens/-/js-tokens-4.0.0.tgz",
      "integrity": "sha512-RdJUflcE3cUzKiMqQgsCu06FPu9UdIJO0beYbPhHN4k6apgJtifcoCtT9bcxOpYBtpD2kCM6Sbzg4CausW/PKQ=="
    },
    "node_modules/json-schema-compare": {
      "version": "0.2.2",
      "resolved": "https://registry.npmjs.org/json-schema-compare/-/json-schema-compare-0.2.2.tgz",
      "integrity": "sha512-c4WYmDKyJXhs7WWvAWm3uIYnfyWFoIp+JEoX34rctVvEkMYCPGhXtvmFFXiffBbxfZsvQ0RNnV5H7GvDF5HCqQ==",
      "dependencies": {
        "lodash": "^4.17.4"
      }
    },
    "node_modules/json-schema-merge-allof": {
      "version": "0.8.1",
      "resolved": "https://registry.npmjs.org/json-schema-merge-allof/-/json-schema-merge-allof-0.8.1.tgz",
      "integrity": "sha512-CTUKmIlPJbsWfzRRnOXz+0MjIqvnleIXwFTzz+t9T86HnYX/Rozria6ZVGLktAU9e+NygNljveP+yxqtQp/Q4w==",
      "dependencies": {
        "compute-lcm": "^1.1.2",
        "json-schema-compare": "^0.2.2",
        "lodash": "^4.17.20"
      },
      "engines": {
        "node": ">=12.0.0"
      }
    },
    "node_modules/json-schema-traverse": {
      "version": "1.0.0",
      "resolved": "https://registry.npmjs.org/json-schema-traverse/-/json-schema-traverse-1.0.0.tgz",
      "integrity": "sha512-NM8/P9n3XjXhIZn1lLhkFaACTOURQXjWhV4BA/RnOv8xvgqtqpAX9IO4mRQxSx1Rlo4tqzeqb0sOlruaOy3dug=="
    },
    "node_modules/json5": {
      "version": "2.2.3",
      "resolved": "https://registry.npmjs.org/json5/-/json5-2.2.3.tgz",
      "integrity": "sha512-XmOWe7eyHYH14cLdVPoyg+GOH3rYX++KpzrylJwSW98t3Nk+U8XOl8FWKOgwtzdb8lXGf6zYwDUzeHMWfxasyg==",
      "bin": {
        "json5": "lib/cli.js"
      },
      "engines": {
        "node": ">=6"
      }
    },
    "node_modules/jsonpointer": {
      "version": "5.0.1",
      "resolved": "https://registry.npmjs.org/jsonpointer/-/jsonpointer-5.0.1.tgz",
      "integrity": "sha512-p/nXbhSEcu3pZRdkW1OfJhpsVtW1gd4Wa1fnQc9YLiTfAjn0312eMKimbdIQzuZl9aa9xUGaRlP9T/CJE/ditQ==",
      "engines": {
        "node": ">=0.10.0"
      }
    },
    "node_modules/lib0": {
      "version": "0.2.94",
      "resolved": "https://registry.npmjs.org/lib0/-/lib0-0.2.94.tgz",
      "integrity": "sha512-hZ3p54jL4Wpu7IOg26uC7dnEWiMyNlUrb9KoG7+xYs45WkQwpVvKFndVq2+pqLYKe1u8Fp3+zAfZHVvTK34PvQ==",
      "dependencies": {
        "isomorphic.js": "^0.2.4"
      },
      "bin": {
        "0ecdsa-generate-keypair": "bin/0ecdsa-generate-keypair.js",
        "0gentesthtml": "bin/gentesthtml.js",
        "0serve": "bin/0serve.js"
      },
      "engines": {
        "node": ">=16"
      },
      "funding": {
        "type": "GitHub Sponsors ❤",
        "url": "https://github.com/sponsors/dmonad"
      }
    },
    "node_modules/lodash": {
      "version": "4.17.21",
      "resolved": "https://registry.npmjs.org/lodash/-/lodash-4.17.21.tgz",
      "integrity": "sha512-v2kDEe57lecTulaDIuNTPy3Ry4gLGJ6Z1O3vE1krgXZNrsQ+LFTGHVxVjcXPs17LhbZVGedAJv8XZ1tvj5FvSg=="
    },
    "node_modules/lodash-es": {
      "version": "4.17.21",
      "resolved": "https://registry.npmjs.org/lodash-es/-/lodash-es-4.17.21.tgz",
      "integrity": "sha512-mKnC+QJ9pWVzv+C4/U3rRsHapFfHvQFoFB92e52xeyGMcX6/OlIl78je1u8vePzYZSkkogMPJ2yjxxsb89cxyw=="
    },
    "node_modules/loose-envify": {
      "version": "1.4.0",
      "resolved": "https://registry.npmjs.org/loose-envify/-/loose-envify-1.4.0.tgz",
      "integrity": "sha512-lyuxPGr/Wfhrlem2CL/UcnUc1zcqKAImBDzukY7Y5F/yQiNdko6+fRLevlw1HgMySw7f611UIY408EtxRSoK3Q==",
      "dependencies": {
        "js-tokens": "^3.0.0 || ^4.0.0"
      },
      "bin": {
        "loose-envify": "cli.js"
      }
    },
    "node_modules/minimist": {
      "version": "1.2.8",
      "resolved": "https://registry.npmjs.org/minimist/-/minimist-1.2.8.tgz",
      "integrity": "sha512-2yyAR8qBkN3YuheJanUpWC5U3bb5osDywNB8RzDVlDwDHbocAJveqqj1u8+SVD7jkWT4yvsHCpWqqWqAxb0zCA==",
      "funding": {
        "url": "https://github.com/sponsors/ljharb"
      }
    },
    "node_modules/path-browserify": {
      "version": "1.0.1",
      "resolved": "https://registry.npmjs.org/path-browserify/-/path-browserify-1.0.1.tgz",
      "integrity": "sha512-b7uo2UCUOYZcnF/3ID0lulOJi/bafxa1xPe7ZPsammBSpjSWQkjNxlt635YGS2MiR9GjvuXCtz2emr3jbsz98g=="
    },
    "node_modules/punycode": {
      "version": "2.3.1",
      "resolved": "https://registry.npmjs.org/punycode/-/punycode-2.3.1.tgz",
      "integrity": "sha512-vYt7UD1U9Wg6138shLtLOvdAu+8DsC/ilFtEVHcH+wydcSpNE20AfSOduf6MkRFahL5FY7X1oU7nKVZFtfq8Fg==",
      "engines": {
        "node": ">=6"
      }
    },
    "node_modules/querystringify": {
      "version": "2.2.0",
      "resolved": "https://registry.npmjs.org/querystringify/-/querystringify-2.2.0.tgz",
      "integrity": "sha512-FIqgj2EUvTa7R50u0rGsyTftzjYmv/a3hO345bZNrqabNqjtgiDMgmo4mkUjd+nzU5oF3dClKqFIPUKybUyqoQ=="
    },
    "node_modules/react": {
      "version": "18.3.1",
      "resolved": "https://registry.npmjs.org/react/-/react-18.3.1.tgz",
      "integrity": "sha512-wS+hAgJShR0KhEvPJArfuPVN1+Hz1t0Y6n5jLrGQbkb4urgPE/0Rve+1kMB1v/oWgHgm4WIcV+i7F2pTVj+2iQ==",
      "dependencies": {
        "loose-envify": "^1.1.0"
      },
      "engines": {
        "node": ">=0.10.0"
      }
    },
    "node_modules/react-dom": {
      "version": "18.3.1",
      "resolved": "https://registry.npmjs.org/react-dom/-/react-dom-18.3.1.tgz",
      "integrity": "sha512-5m4nQKp+rZRb09LNH59GM4BxTh9251/ylbKIbpe7TpGxfJ+9kv6BLkLBXIjjspbgbnIBNqlI23tRnTWT0snUIw==",
      "dependencies": {
        "loose-envify": "^1.1.0",
        "scheduler": "^0.23.2"
      },
      "peerDependencies": {
        "react": "^18.3.1"
      }
    },
    "node_modules/react-is": {
      "version": "18.3.1",
      "resolved": "https://registry.npmjs.org/react-is/-/react-is-18.3.1.tgz",
      "integrity": "sha512-/LLMVyas0ljjAtoYiPqYiL8VWXzUUdThrmU5+n20DZv+a+ClRoevUzw5JxU+Ieh5/c87ytoTBV9G1FiKfNJdmg=="
    },
    "node_modules/require-from-string": {
      "version": "2.0.2",
      "resolved": "https://registry.npmjs.org/require-from-string/-/require-from-string-2.0.2.tgz",
      "integrity": "sha512-Xf0nWe6RseziFMu+Ap9biiUbmplq6S9/p+7w7YXP/JBHhrUDDUhwa+vANyubuqfZWTveU//DYVGsDG7RKL/vEw==",
      "engines": {
        "node": ">=0.10.0"
      }
    },
    "node_modules/requires-port": {
      "version": "1.0.0",
      "resolved": "https://registry.npmjs.org/requires-port/-/requires-port-1.0.0.tgz",
      "integrity": "sha512-KigOCHcocU3XODJxsu8i/j8T9tzT4adHiecwORRQ0ZZFcp7ahwXuRU1m+yuO90C5ZUyGeGfocHDI14M3L3yDAQ=="
    },
    "node_modules/scheduler": {
      "version": "0.23.2",
      "resolved": "https://registry.npmjs.org/scheduler/-/scheduler-0.23.2.tgz",
      "integrity": "sha512-UOShsPwz7NrMUqhR6t0hWjFduvOzbtv7toDH1/hIrfRNIDBnnBWd0CwJTGvTpngVlmwGCdP9/Zl/tVrDqcuYzQ==",
      "dependencies": {
        "loose-envify": "^1.1.0"
      }
    },
    "node_modules/underscore": {
      "version": "1.13.6",
      "resolved": "https://registry.npmjs.org/underscore/-/underscore-1.13.6.tgz",
      "integrity": "sha512-+A5Sja4HP1M08MaXya7p5LvjuM7K6q/2EaC0+iovj/wOcMsTzMvDFbasi/oSapiwOlt252IqsKqPjCl7huKS0A=="
    },
    "node_modules/uri-js": {
      "version": "4.4.1",
      "resolved": "https://registry.npmjs.org/uri-js/-/uri-js-4.4.1.tgz",
      "integrity": "sha512-7rKUyy33Q1yc98pQ1DAmLtwX109F7TIfWlW1Ydo8Wl1ii1SeHieeh0HHfPeL2fMXK6z0s8ecKs9frCuLJvndBg==",
      "dependencies": {
        "punycode": "^2.1.0"
      }
    },
    "node_modules/url-parse": {
      "version": "1.5.10",
      "resolved": "https://registry.npmjs.org/url-parse/-/url-parse-1.5.10.tgz",
      "integrity": "sha512-WypcfiRhfeUP9vvF0j6rw0J3hrWrw6iZv3+22h6iRMJ/8z1Tj6XfLP4DsUix5MhMPnXpiHDoKyoZ/bdCkwBCiQ==",
      "dependencies": {
        "querystringify": "^2.1.1",
        "requires-port": "^1.0.0"
      }
    },
    "node_modules/validate.io-array": {
      "version": "1.0.6",
      "resolved": "https://registry.npmjs.org/validate.io-array/-/validate.io-array-1.0.6.tgz",
      "integrity": "sha512-DeOy7CnPEziggrOO5CZhVKJw6S3Yi7e9e65R1Nl/RTN1vTQKnzjfvks0/8kQ40FP/dsjRAOd4hxmJ7uLa6vxkg=="
    },
    "node_modules/validate.io-function": {
      "version": "1.0.2",
      "resolved": "https://registry.npmjs.org/validate.io-function/-/validate.io-function-1.0.2.tgz",
      "integrity": "sha512-LlFybRJEriSuBnUhQyG5bwglhh50EpTL2ul23MPIuR1odjO7XaMLFV8vHGwp7AZciFxtYOeiSCT5st+XSPONiQ=="
    },
    "node_modules/validate.io-integer": {
      "version": "1.0.5",
      "resolved": "https://registry.npmjs.org/validate.io-integer/-/validate.io-integer-1.0.5.tgz",
      "integrity": "sha512-22izsYSLojN/P6bppBqhgUDjCkr5RY2jd+N2a3DCAUey8ydvrZ/OkGvFPR7qfOpwR2LC5p4Ngzxz36g5Vgr/hQ==",
      "dependencies": {
        "validate.io-number": "^1.0.3"
      }
    },
    "node_modules/validate.io-integer-array": {
      "version": "1.0.0",
      "resolved": "https://registry.npmjs.org/validate.io-integer-array/-/validate.io-integer-array-1.0.0.tgz",
      "integrity": "sha512-mTrMk/1ytQHtCY0oNO3dztafHYyGU88KL+jRxWuzfOmQb+4qqnWmI+gykvGp8usKZOM0H7keJHEbRaFiYA0VrA==",
      "dependencies": {
        "validate.io-array": "^1.0.3",
        "validate.io-integer": "^1.0.4"
      }
    },
    "node_modules/validate.io-number": {
      "version": "1.0.3",
      "resolved": "https://registry.npmjs.org/validate.io-number/-/validate.io-number-1.0.3.tgz",
      "integrity": "sha512-kRAyotcbNaSYoDnXvb4MHg/0a1egJdLwS6oJ38TJY7aw9n93Fl/3blIXdyYvPOp55CNxywooG/3BcrwNrBpcSg=="
    },
    "node_modules/ws": {
      "version": "8.18.0",
      "resolved": "https://registry.npmjs.org/ws/-/ws-8.18.0.tgz",
      "integrity": "sha512-8VbfWfHLbbwu3+N6OKsOMpBdT4kXPDDB9cJk2bJ6mh9ucxdlnNvH1e+roYkKmN9Nxw2yjz7VzeO9oOz2zJ04Pw==",
      "engines": {
        "node": ">=10.0.0"
      },
      "peerDependencies": {
        "bufferutil": "^4.0.1",
        "utf-8-validate": ">=5.0.2"
      },
      "peerDependenciesMeta": {
        "bufferutil": {
          "optional": true
        },
        "utf-8-validate": {
          "optional": true
        }
      }
    },
    "node_modules/y-protocols": {
      "version": "1.0.6",
      "resolved": "https://registry.npmjs.org/y-protocols/-/y-protocols-1.0.6.tgz",
      "integrity": "sha512-vHRF2L6iT3rwj1jub/K5tYcTT/mEYDUppgNPXwp8fmLpui9f7Yeq3OEtTLVF012j39QnV+KEQpNqoN7CWU7Y9Q==",
      "dependencies": {
        "lib0": "^0.2.85"
      },
      "engines": {
        "node": ">=16.0.0",
        "npm": ">=8.0.0"
      },
      "funding": {
        "type": "GitHub Sponsors ❤",
        "url": "https://github.com/sponsors/dmonad"
      },
      "peerDependencies": {
        "yjs": "^13.0.0"
      }
    },
    "node_modules/yjs": {
      "version": "13.6.18",
      "resolved": "https://registry.npmjs.org/yjs/-/yjs-13.6.18.tgz",
      "integrity": "sha512-GBTjO4QCmv2HFKFkYIJl7U77hIB1o22vSCSQD1Ge8ZxWbIbn8AltI4gyXbtL+g5/GJep67HCMq3Y5AmNwDSyEg==",
      "dependencies": {
        "lib0": "^0.2.86"
      },
      "engines": {
        "node": ">=16.0.0",
        "npm": ">=8.0.0"
      },
      "funding": {
        "type": "GitHub Sponsors ❤",
        "url": "https://github.com/sponsors/dmonad"
      }
    }
  }
}
